
Microsoft Visual Studio Solution File, Format Version 12.00
# Visual Studio Version 17
VisualStudioVersion = 17.9.34723.18
MinimumVisualStudioVersion = 10.0.40219.1
Project("{FAE04EC0-301F-11D3-BF4B-00C04F79EFBC}") = "CLDV6212_ST10267383", "CLDV6212_ST10267383\CLDV6212_ST10267383.csproj", "{CF7302F1-9ECB-49B6-B6E9-D7ABFB867512}"
EndProject
Global
	GlobalSection(SolutionConfigurationPlatforms) = preSolution
		Debug|Any CPU = Debug|Any CPU
		Release|Any CPU = Release|Any CPU
	EndGlobalSection
	GlobalSection(ProjectConfigurationPlatforms) = postSolution
		{CF7302F1-9ECB-49B6-B6E9-D7ABFB867512}.Debug|Any CPU.ActiveCfg = Debug|Any CPU
		{CF7302F1-9ECB-49B6-B6E9-D7ABFB867512}.Debug|Any CPU.Build.0 = Debug|Any CPU
		{CF7302F1-9ECB-49B6-B6E9-D7ABFB867512}.Release|Any CPU.ActiveCfg = Release|Any CPU
		{CF7302F1-9ECB-49B6-B6E9-D7ABFB867512}.Release|Any CPU.Build.0 = Release|Any CPU
	EndGlobalSection
	GlobalSection(SolutionProperties) = preSolution
		HideSolutionNode = FALSE
	EndGlobalSection
	GlobalSection(ExtensibilityGlobals) = postSolution
		SolutionGuid = {3E3BA2BE-39C0-4547-9671-7021D59189F9}
	EndGlobalSection
EndGlobal
